
Microsoft Visual Studio Solution File, Format Version 12.00
# Visual Studio 15
VisualStudioVersion = 15.0.28307.902
MinimumVisualStudioVersion = 10.0.40219.1
Project("{FAE04EC0-301F-11D3-BF4B-00C04F79EFBC}") = "HelloWorld", "HelloWorld\HelloWorld.csproj", "{18986264-F896-4946-85B9-5473093CC9CC}"
EndProject
Project("{FAE04EC0-301F-11D3-BF4B-00C04F79EFBC}") = "Variables", "Variables\Variables.csproj", "{EAD0F1EF-732A-4A87-A713-99A534DEA8B4}"
EndProject
Project("{FAE04EC0-301F-11D3-BF4B-00C04F79EFBC}") = "TypeConversion", "TypeConversion\TypeConversion.csproj", "{9D7C294C-16A6-4AEC-AA5E-09E770537001}"
EndProject
Project("{FAE04EC0-301F-11D3-BF4B-00C04F79EFBC}") = "Operators", "Operators\Operators.csproj", "{8F101DCB-14F5-44C7-AACC-6C3219F53332}"
EndProject
Project("{2150E333-8FDC-42A3-9474-1A3956D46DE8}") = "CSharpBeginners", "CSharpBeginners", "{83233788-439B-4FF8-8C87-8C2B869EED65}"
EndProject
Project("{2150E333-8FDC-42A3-9474-1A3956D46DE8}") = "CSharpIntermediates", "CSharpIntermediates", "{DF7DD8AE-67FA-4272-B937-414481690D9B}"
EndProject
Project("{FAE04EC0-301F-11D3-BF4B-00C04F79EFBC}") = "Classes", "Classes\Classes.csproj", "{87CFF06B-01BF-49FB-824A-297784A0E4EC}"
EndProject
Project("{FAE04EC0-301F-11D3-BF4B-00C04F79EFBC}") = "Constructor", "Constructor\Constructor.csproj", "{AA97849F-A7E1-4BF2-82F7-BD952F725973}"
EndProject
Global
	GlobalSection(SolutionConfigurationPlatforms) = preSolution
		Debug|Any CPU = Debug|Any CPU
		Release|Any CPU = Release|Any CPU
	EndGlobalSection
	GlobalSection(ProjectConfigurationPlatforms) = postSolution
		{18986264-F896-4946-85B9-5473093CC9CC}.Debug|Any CPU.ActiveCfg = Debug|Any CPU
		{18986264-F896-4946-85B9-5473093CC9CC}.Debug|Any CPU.Build.0 = Debug|Any CPU
		{18986264-F896-4946-85B9-5473093CC9CC}.Release|Any CPU.ActiveCfg = Release|Any CPU
		{18986264-F896-4946-85B9-5473093CC9CC}.Release|Any CPU.Build.0 = Release|Any CPU
		{EAD0F1EF-732A-4A87-A713-99A534DEA8B4}.Debug|Any CPU.ActiveCfg = Debug|Any CPU
		{EAD0F1EF-732A-4A87-A713-99A534DEA8B4}.Debug|Any CPU.Build.0 = Debug|Any CPU
		{EAD0F1EF-732A-4A87-A713-99A534DEA8B4}.Release|Any CPU.ActiveCfg = Release|Any CPU
		{EAD0F1EF-732A-4A87-A713-99A534DEA8B4}.Release|Any CPU.Build.0 = Release|Any CPU
		{9D7C294C-16A6-4AEC-AA5E-09E770537001}.Debug|Any CPU.ActiveCfg = Debug|Any CPU
		{9D7C294C-16A6-4AEC-AA5E-09E770537001}.Debug|Any CPU.Build.0 = Debug|Any CPU
		{9D7C294C-16A6-4AEC-AA5E-09E770537001}.Release|Any CPU.ActiveCfg = Release|Any CPU
		{9D7C294C-16A6-4AEC-AA5E-09E770537001}.Release|Any CPU.Build.0 = Release|Any CPU
		{8F101DCB-14F5-44C7-AACC-6C3219F53332}.Debug|Any CPU.ActiveCfg = Debug|Any CPU
		{8F101DCB-14F5-44C7-AACC-6C3219F53332}.Debug|Any CPU.Build.0 = Debug|Any CPU
		{8F101DCB-14F5-44C7-AACC-6C3219F53332}.Release|Any CPU.ActiveCfg = Release|Any CPU
		{8F101DCB-14F5-44C7-AACC-6C3219F53332}.Release|Any CPU.Build.0 = Release|Any CPU
		{87CFF06B-01BF-49FB-824A-297784A0E4EC}.Debug|Any CPU.ActiveCfg = Debug|Any CPU
		{87CFF06B-01BF-49FB-824A-297784A0E4EC}.Debug|Any CPU.Build.0 = Debug|Any CPU
		{87CFF06B-01BF-49FB-824A-297784A0E4EC}.Release|Any CPU.ActiveCfg = Release|Any CPU
		{87CFF06B-01BF-49FB-824A-297784A0E4EC}.Release|Any CPU.Build.0 = Release|Any CPU
		{AA97849F-A7E1-4BF2-82F7-BD952F725973}.Debug|Any CPU.ActiveCfg = Debug|Any CPU
		{AA97849F-A7E1-4BF2-82F7-BD952F725973}.Debug|Any CPU.Build.0 = Debug|Any CPU
		{AA97849F-A7E1-4BF2-82F7-BD952F725973}.Release|Any CPU.ActiveCfg = Release|Any CPU
		{AA97849F-A7E1-4BF2-82F7-BD952F725973}.Release|Any CPU.Build.0 = Release|Any CPU
	EndGlobalSection
	GlobalSection(SolutionProperties) = preSolution
		HideSolutionNode = FALSE
	EndGlobalSection
	GlobalSection(NestedProjects) = preSolution
		{18986264-F896-4946-85B9-5473093CC9CC} = {83233788-439B-4FF8-8C87-8C2B869EED65}
		{EAD0F1EF-732A-4A87-A713-99A534DEA8B4} = {83233788-439B-4FF8-8C87-8C2B869EED65}
		{9D7C294C-16A6-4AEC-AA5E-09E770537001} = {83233788-439B-4FF8-8C87-8C2B869EED65}
		{8F101DCB-14F5-44C7-AACC-6C3219F53332} = {83233788-439B-4FF8-8C87-8C2B869EED65}
		{87CFF06B-01BF-49FB-824A-297784A0E4EC} = {DF7DD8AE-67FA-4272-B937-414481690D9B}
		{AA97849F-A7E1-4BF2-82F7-BD952F725973} = {DF7DD8AE-67FA-4272-B937-414481690D9B}
	EndGlobalSection
	GlobalSection(ExtensibilityGlobals) = postSolution
		SolutionGuid = {16CB64F3-DBF3-45D8-8667-E8456802E14C}
	EndGlobalSection
EndGlobal
